
Microsoft Visual Studio Solution File, Format Version 12.00
# Visual Studio 15
VisualStudioVersion = 15.0.28307.960
MinimumVisualStudioVersion = 10.0.40219.1
Project("{FAE04EC0-301F-11D3-BF4B-00C04F79EFBC}") = "JamHub", "JamHub\JamHub.csproj", "{2719720B-06B8-4857-9F30-FF198454451A}"
EndProject
Global
	GlobalSection(SolutionConfigurationPlatforms) = preSolution
		Debug|Any CPU = Debug|Any CPU
		Release|Any CPU = Release|Any CPU
	EndGlobalSection
	GlobalSection(ProjectConfigurationPlatforms) = postSolution
		{2719720B-06B8-4857-9F30-FF198454451A}.Debug|Any CPU.ActiveCfg = Debug|Any CPU
		{2719720B-06B8-4857-9F30-FF198454451A}.Debug|Any CPU.Build.0 = Debug|Any CPU
		{2719720B-06B8-4857-9F30-FF198454451A}.Release|Any CPU.ActiveCfg = Release|Any CPU
		{2719720B-06B8-4857-9F30-FF198454451A}.Release|Any CPU.Build.0 = Release|Any CPU
	EndGlobalSection
	GlobalSection(SolutionProperties) = preSolution
		HideSolutionNode = FALSE
	EndGlobalSection
	GlobalSection(ExtensibilityGlobals) = postSolution
		SolutionGuid = {F96D5B9C-F850-4A74-98F9-405B37F0BBA1}
	EndGlobalSection
EndGlobal
